{
  "name": "lovensecontrol",
  "version": "0.19.1",
  "lockfileVersion": 3,
  "requires": true,
  "packages": {
    "": {
      "name": "lovensecontrol",
      "version": "0.19.1",
      "dependencies": {
        "socket.io-client": "2.5.0"
      },
      "engines": {
        "node": ">=20"
      }
    }
  }
}
